
Microsoft Visual Studio Solution File, Format Version 12.00
# Visual Studio Version 17
VisualStudioVersion = 17.3.32811.315
MinimumVisualStudioVersion = 10.0.40219.1
Project("{FAE04EC0-301F-11D3-BF4B-00C04F79EFBC}") = "WindowsFormsApp1", "WindowsFormsApp1\WindowsFormsApp1.csproj", "{7FB11504-9189-42CE-92E0-28ED09617685}"
EndProject
Global
	GlobalSection(SolutionConfigurationPlatforms) = preSolution
		Debug|Any CPU = Debug|Any CPU
		Release|Any CPU = Release|Any CPU
	EndGlobalSection
	GlobalSection(ProjectConfigurationPlatforms) = postSolution
		{7FB11504-9189-42CE-92E0-28ED09617685}.Debug|Any CPU.ActiveCfg = Debug|Any CPU
		{7FB11504-9189-42CE-92E0-28ED09617685}.Debug|Any CPU.Build.0 = Debug|Any CPU
		{7FB11504-9189-42CE-92E0-28ED09617685}.Release|Any CPU.ActiveCfg = Release|Any CPU
		{7FB11504-9189-42CE-92E0-28ED09617685}.Release|Any CPU.Build.0 = Release|Any CPU
	EndGlobalSection
	GlobalSection(SolutionProperties) = preSolution
		HideSolutionNode = FALSE
	EndGlobalSection
	GlobalSection(ExtensibilityGlobals) = postSolution
		SolutionGuid = {CEF45CA9-78C2-4496-AC66-862AB5DE3342}
	EndGlobalSection
EndGlobal
